// !$*UTF8*$!
{
	archiveVersion = 1;
	classes = {
	};
	objectVersion = 55;
	objects = {

/* Begin PBXBuildFile section */
		C051DCFE28FC7C3E00EBB3CD /* Task.swift in Sources */ = {isa = PBXBuildFile; fileRef = C051DCFD28FC7C3E00EBB3CD /* Task.swift */; };
		C051DD0128FC862800EBB3CD /* TaskRow.swift in Sources */ = {isa = PBXBuildFile; fileRef = C051DD0028FC862800EBB3CD /* TaskRow.swift */; };
		C051DD0328FC888000EBB3CD /* AddTaskView.swift in Sources */ = {isa = PBXBuildFile; fileRef = C051DD0228FC888000EBB3CD /* AddTaskView.swift */; };
		C051DD0528FC911500EBB3CD /* SmallAddButton.swift in Sources */ = {isa = PBXBuildFile; fileRef = C051DD0428FC911500EBB3CD /* SmallAddButton.swift */; };
		C051DD0828FC972800EBB3CD /* Realm in Frameworks */ = {isa = PBXBuildFile; productRef = C051DD0728FC972800EBB3CD /* Realm */; };
		C051DD0A28FC972800EBB3CD /* RealmSwift in Frameworks */ = {isa = PBXBuildFile; productRef = C051DD0928FC972800EBB3CD /* RealmSwift */; };
		C0FDA6CC28FB79B80043FC24 /* ToDo_ListApp.swift in Sources */ = {isa = PBXBuildFile; fileRef = C0FDA6CB28FB79B80043FC24 /* ToDo_ListApp.swift */; };
		C0FDA6CE28FB79B80043FC24 /* ContentView.swift in Sources */ = {isa = PBXBuildFile; fileRef = C0FDA6CD28FB79B80043FC24 /* ContentView.swift */; };
		C0FDA6D028FB79BE0043FC24 /* Assets.xcassets in Resources */ = {isa = PBXBuildFile; fileRef = C0FDA6CF28FB79BE0043FC24 /* Assets.xcassets */; };
		C0FDA6D328FB79BE0043FC24 /* Preview Assets.xcassets in Resources */ = {isa = PBXBuildFile; fileRef = C0FDA6D228FB79BE0043FC24 /* Preview Assets.xcassets */; };
		C0FDA6DD28FB79BF0043FC24 /* ToDo_ListTests.swift in Sources */ = {isa = PBXBuildFile; fileRef = C0FDA6DC28FB79BF0043FC24 /* ToDo_ListTests.swift */; };
		C0FDA6E728FB79BF0043FC24 /* ToDo_ListUITests.swift in Sources */ = {isa = PBXBuildFile; fileRef = C0FDA6E628FB79BF0043FC24 /* ToDo_ListUITests.swift */; };
		C0FDA6E928FB79BF0043FC24 /* ToDo_ListUITestsLaunchTests.swift in Sources */ = {isa = PBXBuildFile; fileRef = C0FDA6E828FB79BF0043FC24 /* ToDo_ListUITestsLaunchTests.swift */; };
/* End PBXBuildFile section */

/* Begin PBXContainerItemProxy section */
		C0FDA6D928FB79BF0043FC24 /* PBXContainerItemProxy */ = {
			isa = PBXContainerItemProxy;
			containerPortal = C0FDA6C028FB79B80043FC24 /* Project object */;
			proxyType = 1;
			remoteGlobalIDString = C0FDA6C728FB79B80043FC24;
			remoteInfo = "ToDo-List";
		};
		C0FDA6E328FB79BF0043FC24 /* PBXContainerItemProxy */ = {
			isa = PBXContainerItemProxy;
			containerPortal = C0FDA6C028FB79B80043FC24 /* Project object */;
			proxyType = 1;
			remoteGlobalIDString = C0FDA6C728FB79B80043FC24;
			remoteInfo = "ToDo-List";
		};
/* End PBXContainerItemProxy section */

/* Begin PBXFileReference section */
		C051DCFD28FC7C3E00EBB3CD /* Task.swift */ = {isa = PBXFileReference; lastKnownFileType = sourcecode.swift; path = Task.swift; sourceTree = "<group>"; };
		C051DD0028FC862800EBB3CD /* TaskRow.swift */ = {isa = PBXFileReference; lastKnownFileType = sourcecode.swift; path = TaskRow.swift; sourceTree = "<group>"; };
		C051DD0228FC888000EBB3CD /* AddTaskView.swift */ = {isa = PBXFileReference; lastKnownFileType = sourcecode.swift; path = AddTaskView.swift; sourceTree = "<group>"; };
		C051DD0428FC911500EBB3CD /* SmallAddButton.swift */ = {isa = PBXFileReference; lastKnownFileType = sourcecode.swift; path = SmallAddButton.swift; sourceTree = "<group>"; };
		C0FDA6C828FB79B80043FC24 /* ToDo-List.app */ = {isa = PBXFileReference; explicitFileType = wrapper.application; includeInIndex = 0; path = "ToDo-List.app"; sourceTree = BUILT_PRODUCTS_DIR; };
		C0FDA6CB28FB79B80043FC24 /* ToDo_ListApp.swift */ = {isa = PBXFileReference; lastKnownFileType = sourcecode.swift; path = ToDo_ListApp.swift; sourceTree = "<group>"; };
		C0FDA6CD28FB79B80043FC24 /* ContentView.swift */ = {isa = PBXFileReference; lastKnownFileType = sourcecode.swift; path = ContentView.swift; sourceTree = "<group>"; };
		C0FDA6CF28FB79BE0043FC24 /* Assets.xcassets */ = {isa = PBXFileReference; lastKnownFileType = folder.assetcatalog; path = Assets.xcassets; sourceTree = "<group>"; };
		C0FDA6D228FB79BE0043FC24 /* Preview Assets.xcassets */ = {isa = PBXFileReference; lastKnownFileType = folder.assetcatalog; path = "Preview Assets.xcassets"; sourceTree = "<group>"; };
		C0FDA6D828FB79BF0043FC24 /* ToDo-ListTests.xctest */ = {isa = PBXFileReference; explicitFileType = wrapper.cfbundle; includeInIndex = 0; path = "ToDo-ListTests.xctest"; sourceTree = BUILT_PRODUCTS_DIR; };
		C0FDA6DC28FB79BF0043FC24 /* ToDo_ListTests.swift */ = {isa = PBXFileReference; lastKnownFileType = sourcecode.swift; path = ToDo_ListTests.swift; sourceTree = "<group>"; };
		C0FDA6E228FB79BF0043FC24 /* ToDo-ListUITests.xctest */ = {isa = PBXFileReference; explicitFileType = wrapper.cfbundle; includeInIndex = 0; path = "ToDo-ListUITests.xctest"; sourceTree = BUILT_PRODUCTS_DIR; };
		C0FDA6E628FB79BF0043FC24 /* ToDo_ListUITests.swift */ = {isa = PBXFileReference; lastKnownFileType = sourcecode.swift; path = ToDo_ListUITests.swift; sourceTree = "<group>"; };
		C0FDA6E828FB79BF0043FC24 /* ToDo_ListUITestsLaunchTests.swift */ = {isa = PBXFileReference; lastKnownFileType = sourcecode.swift; path = ToDo_ListUITestsLaunchTests.swift; sourceTree = "<group>"; };
/* End PBXFileReference section */

/* Begin PBXFrameworksBuildPhase section */
		C0FDA6C528FB79B80043FC24 /* Frameworks */ = {
			isa = PBXFrameworksBuildPhase;
			buildActionMask = 2147483647;
			files = (
				C051DD0A28FC972800EBB3CD /* RealmSwift in Frameworks */,
				C051DD0828FC972800EBB3CD /* Realm in Frameworks */,
			);
			runOnlyForDeploymentPostprocessing = 0;
		};
		C0FDA6D528FB79BF0043FC24 /* Frameworks */ = {
			isa = PBXFrameworksBuildPhase;
			buildActionMask = 2147483647;
			files = (
			);
			runOnlyForDeploymentPostprocessing = 0;
		};
		C0FDA6DF28FB79BF0043FC24 /* Frameworks */ = {
			isa = PBXFrameworksBuildPhase;
			buildActionMask = 2147483647;
			files = (
			);
			runOnlyForDeploymentPostprocessing = 0;
		};
/* End PBXFrameworksBuildPhase section */

/* Begin PBXGroup section */
		C051DCFF28FC861A00EBB3CD /* Components */ = {
			isa = PBXGroup;
			children = (
				C051DD0028FC862800EBB3CD /* TaskRow.swift */,
				C051DD0428FC911500EBB3CD /* SmallAddButton.swift */,
			);
			path = Components;
			sourceTree = "<group>";
		};
		C0FDA6BF28FB79B80043FC24 = {
			isa = PBXGroup;
			children = (
				C0FDA6CA28FB79B80043FC24 /* ToDo-List */,
				C0FDA6DB28FB79BF0043FC24 /* ToDo-ListTests */,
				C0FDA6E528FB79BF0043FC24 /* ToDo-ListUITests */,
				C0FDA6C928FB79B80043FC24 /* Products */,
			);
			sourceTree = "<group>";
		};
		C0FDA6C928FB79B80043FC24 /* Products */ = {
			isa = PBXGroup;
			children = (
				C0FDA6C828FB79B80043FC24 /* ToDo-List.app */,
				C0FDA6D828FB79BF0043FC24 /* ToDo-ListTests.xctest */,
				C0FDA6E228FB79BF0043FC24 /* ToDo-ListUITests.xctest */,
			);
			name = Products;
			sourceTree = "<group>";
		};
		C0FDA6CA28FB79B80043FC24 /* ToDo-List */ = {
			isa = PBXGroup;
			children = (
				C051DCFF28FC861A00EBB3CD /* Components */,
				C0FDA6F728FB87900043FC24 /* Views */,
				C0FDA6CF28FB79BE0043FC24 /* Assets.xcassets */,
				C0FDA6CB28FB79B80043FC24 /* ToDo_ListApp.swift */,
				C0FDA6D128FB79BE0043FC24 /* Preview Content */,
			);
			path = "ToDo-List";
			sourceTree = "<group>";
		};
		C0FDA6D128FB79BE0043FC24 /* Preview Content */ = {
			isa = PBXGroup;
			children = (
				C0FDA6D228FB79BE0043FC24 /* Preview Assets.xcassets */,
			);
			path = "Preview Content";
			sourceTree = "<group>";
		};
		C0FDA6DB28FB79BF0043FC24 /* ToDo-ListTests */ = {
			isa = PBXGroup;
			children = (
				C0FDA6DC28FB79BF0043FC24 /* ToDo_ListTests.swift */,
			);
			path = "ToDo-ListTests";
			sourceTree = "<group>";
		};
		C0FDA6E528FB79BF0043FC24 /* ToDo-ListUITests */ = {
			isa = PBXGroup;
			children = (
				C0FDA6E628FB79BF0043FC24 /* ToDo_ListUITests.swift */,
				C0FDA6E828FB79BF0043FC24 /* ToDo_ListUITestsLaunchTests.swift */,
			);
			path = "ToDo-ListUITests";
			sourceTree = "<group>";
		};
		C0FDA6F728FB87900043FC24 /* Views */ = {
			isa = PBXGroup;
			children = (
				C0FDA6CD28FB79B80043FC24 /* ContentView.swift */,
				C051DCFD28FC7C3E00EBB3CD /* Task.swift */,
				C051DD0228FC888000EBB3CD /* AddTaskView.swift */,
			);
			path = Views;
			sourceTree = "<group>";
		};
/* End PBXGroup section */

/* Begin PBXNativeTarget section */
		C0FDA6C728FB79B80043FC24 /* ToDo-List */ = {
			isa = PBXNativeTarget;
			buildConfigurationList = C0FDA6EC28FB79BF0043FC24 /* Build configuration list for PBXNativeTarget "ToDo-List" */;
			buildPhases = (
				C0FDA6C428FB79B80043FC24 /* Sources */,
				C0FDA6C528FB79B80043FC24 /* Frameworks */,
				C0FDA6C628FB79B80043FC24 /* Resources */,
			);
			buildRules = (
			);
			dependencies = (
			);
			name = "ToDo-List";
			packageProductDependencies = (
				C051DD0728FC972800EBB3CD /* Realm */,
				C051DD0928FC972800EBB3CD /* RealmSwift */,
			);
			productName = "ToDo-List";
			productReference = C0FDA6C828FB79B80043FC24 /* ToDo-List.app */;
			productType = "com.apple.product-type.application";
		};
		C0FDA6D728FB79BF0043FC24 /* ToDo-ListTests */ = {
			isa = PBXNativeTarget;
			buildConfigurationList = C0FDA6EF28FB79BF0043FC24 /* Build configuration list for PBXNativeTarget "ToDo-ListTests" */;
			buildPhases = (
				C0FDA6D428FB79BF0043FC24 /* Sources */,
				C0FDA6D528FB79BF0043FC24 /* Frameworks */,
				C0FDA6D628FB79BF0043FC24 /* Resources */,
			);
			buildRules = (
			);
			dependencies = (
				C0FDA6DA28FB79BF0043FC24 /* PBXTargetDependency */,
			);
			name = "ToDo-ListTests";
			productName = "ToDo-ListTests";
			productReference = C0FDA6D828FB79BF0043FC24 /* ToDo-ListTests.xctest */;
			productType = "com.apple.product-type.bundle.unit-test";
		};
		C0FDA6E128FB79BF0043FC24 /* ToDo-ListUITests */ = {
			isa = PBXNativeTarget;
			buildConfigurationList = C0FDA6F228FB79BF0043FC24 /* Build configuration list for PBXNativeTarget "ToDo-ListUITests" */;
			buildPhases = (
				C0FDA6DE28FB79BF0043FC24 /* Sources */,
				C0FDA6DF28FB79BF0043FC24 /* Frameworks */,
				C0FDA6E028FB79BF0043FC24 /* Resources */,
			);
			buildRules = (
			);
			dependencies = (
				C0FDA6E428FB79BF0043FC24 /* PBXTargetDependency */,
			);
			name = "ToDo-ListUITests";
			productName = "ToDo-ListUITests";
			productReference = C0FDA6E228FB79BF0043FC24 /* ToDo-ListUITests.xctest */;
			productType = "com.apple.product-type.bundle.ui-testing";
		};
/* End PBXNativeTarget section */

/* Begin PBXProject section */
		C0FDA6C028FB79B80043FC24 /* Project object */ = {
			isa = PBXProject;
			attributes = {
				BuildIndependentTargetsInParallel = 1;
				LastSwiftUpdateCheck = 1340;
				LastUpgradeCheck = 1340;
				TargetAttributes = {
					C0FDA6C728FB79B80043FC24 = {
						CreatedOnToolsVersion = 13.4.1;
					};
					C0FDA6D728FB79BF0043FC24 = {
						CreatedOnToolsVersion = 13.4.1;
						TestTargetID = C0FDA6C728FB79B80043FC24;
					};
					C0FDA6E128FB79BF0043FC24 = {
						CreatedOnToolsVersion = 13.4.1;
						TestTargetID = C0FDA6C728FB79B80043FC24;
					};
				};
			};
			buildConfigurationList = C0FDA6C328FB79B80043FC24 /* Build configuration list for PBXProject "ToDo-List" */;
			compatibilityVersion = "Xcode 13.0";
			developmentRegion = en;
			hasScannedForEncodings = 0;
			knownRegions = (
				en,
				Base,
			);
			mainGroup = C0FDA6BF28FB79B80043FC24;
			packageReferences = (
				C051DD0628FC972800EBB3CD /* XCRemoteSwiftPackageReference "realm-cocoa" */,
			);
			productRefGroup = C0FDA6C928FB79B80043FC24 /* Products */;
			projectDirPath = "";
			projectRoot = "";
			targets = (
				C0FDA6C728FB79B80043FC24 /* ToDo-List */,
				C0FDA6D728FB79BF0043FC24 /* ToDo-ListTests */,
				C0FDA6E128FB79BF0043FC24 /* ToDo-ListUITests */,
			);
		};
/* End PBXProject section */

/* Begin PBXResourcesBuildPhase section */
		C0FDA6C628FB79B80043FC24 /* Resources */ = {
			isa = PBXResourcesBuildPhase;
			buildActionMask = 2147483647;
			files = (
				C0FDA6D328FB79BE0043FC24 /* Preview Assets.xcassets in Resources */,
				C0FDA6D028FB79BE0043FC24 /* Assets.xcassets in Resources */,
			);
			runOnlyForDeploymentPostprocessing = 0;
		};
		C0FDA6D628FB79BF0043FC24 /* Resources */ = {
			isa = PBXResourcesBuildPhase;
			buildActionMask = 2147483647;
			files = (
			);
			runOnlyForDeploymentPostprocessing = 0;
		};
		C0FDA6E028FB79BF0043FC24 /* Resources */ = {
			isa = PBXResourcesBuildPhase;
			buildActionMask = 2147483647;
			files = (
			);
			runOnlyForDeploymentPostprocessing = 0;
		};
/* End PBXResourcesBuildPhase section */

/* Begin PBXSourcesBuildPhase section */
		C0FDA6C428FB79B80043FC24 /* Sources */ = {
			isa = PBXSourcesBuildPhase;
			buildActionMask = 2147483647;
			files = (
				C0FDA6CE28FB79B80043FC24 /* ContentView.swift in Sources */,
				C051DD0328FC888000EBB3CD /* AddTaskView.swift in Sources */,
				C051DCFE28FC7C3E00EBB3CD /* Task.swift in Sources */,
				C051DD0528FC911500EBB3CD /* SmallAddButton.swift in Sources */,
				C0FDA6CC28FB79B80043FC24 /* ToDo_ListApp.swift in Sources */,
				C051DD0128FC862800EBB3CD /* TaskRow.swift in Sources */,
			);
			runOnlyForDeploymentPostprocessing = 0;
		};
		C0FDA6D428FB79BF0043FC24 /* Sources */ = {
			isa = PBXSourcesBuildPhase;
			buildActionMask = 2147483647;
			files = (
				C0FDA6DD28FB79BF0043FC24 /* ToDo_ListTests.swift in Sources */,
			);
			runOnlyForDeploymentPostprocessing = 0;
		};
		C0FDA6DE28FB79BF0043FC24 /* Sources */ = {
			isa = PBXSourcesBuildPhase;
			buildActionMask = 2147483647;
			files = (
				C0FDA6E928FB79BF0043FC24 /* ToDo_ListUITestsLaunchTests.swift in Sources */,
				C0FDA6E728FB79BF0043FC24 /* ToDo_ListUITests.swift in Sources */,
			);
			runOnlyForDeploymentPostprocessing = 0;
		};
/* End PBXSourcesBuildPhase section */

/* Begin PBXTargetDependency section */
		C0FDA6DA28FB79BF0043FC24 /* PBXTargetDependency */ = {
			isa = PBXTargetDependency;
			target = C0FDA6C728FB79B80043FC24 /* ToDo-List */;
			targetProxy = C0FDA6D928FB79BF0043FC24 /* PBXContainerItemProxy */;
		};
		C0FDA6E428FB79BF0043FC24 /* PBXTargetDependency */ = {
			isa = PBXTargetDependency;
			target = C0FDA6C728FB79B80043FC24 /* ToDo-List */;
			targetProxy = C0FDA6E328FB79BF0043FC24 /* PBXContainerItemProxy */;
		};
/* End PBXTargetDependency section */

/* Begin XCBuildConfiguration section */
		C0FDA6EA28FB79BF0043FC24 /* Debug */ = {
			isa = XCBuildConfiguration;
			buildSettings = {
				ALWAYS_SEARCH_USER_PATHS = NO;
				CLANG_ANALYZER_NONNULL = YES;
				CLANG_ANALYZER_NUMBER_OBJECT_CONVERSION = YES_AGGRESSIVE;
				CLANG_CXX_LANGUAGE_STANDARD = "gnu++17";
				CLANG_ENABLE_MODULES = YES;
				CLANG_ENABLE_OBJC_ARC = YES;
				CLANG_ENABLE_OBJC_WEAK = YES;
				CLANG_WARN_BLOCK_CAPTURE_AUTORELEASING = YES;
				CLANG_WARN_BOOL_CONVERSION = YES;
				CLANG_WARN_COMMA = YES;
				CLANG_WARN_CONSTANT_CONVERSION = YES;
				CLANG_WARN_DEPRECATED_OBJC_IMPLEMENTATIONS = YES;
				CLANG_WARN_DIRECT_OBJC_ISA_USAGE = YES_ERROR;
				CLANG_WARN_DOCUMENTATION_COMMENTS = YES;
				CLANG_WARN_EMPTY_BODY = YES;
				CLANG_WARN_ENUM_CONVERSION = YES;
				CLANG_WARN_INFINITE_RECURSION = YES;
				CLANG_WARN_INT_CONVERSION = YES;
				CLANG_WARN_NON_LITERAL_NULL_CONVERSION = YES;
				CLANG_WARN_OBJC_IMPLICIT_RETAIN_SELF = YES;
				CLANG_WARN_OBJC_LITERAL_CONVERSION = YES;
				CLANG_WARN_OBJC_ROOT_CLASS = YES_ERROR;
				CLANG_WARN_QUOTED_INCLUDE_IN_FRAMEWORK_HEADER = YES;
				CLANG_WARN_RANGE_LOOP_ANALYSIS = YES;
				CLANG_WARN_STRICT_PROTOTYPES = YES;
				CLANG_WARN_SUSPICIOUS_MOVE = YES;
				CLANG_WARN_UNGUARDED_AVAILABILITY = YES_AGGRESSIVE;
				CLANG_WARN_UNREACHABLE_CODE = YES;
				CLANG_WARN__DUPLICATE_METHOD_MATCH = YES;
				COPY_PHASE_STRIP = NO;
				DEBUG_INFORMATION_FORMAT = dwarf;
				ENABLE_STRICT_OBJC_MSGSEND = YES;
				ENABLE_TESTABILITY = YES;
				GCC_C_LANGUAGE_STANDARD = gnu11;
				GCC_DYNAMIC_NO_PIC = NO;
				GCC_NO_COMMON_BLOCKS = YES;
				GCC_OPTIMIZATION_LEVEL = 0;
				GCC_PREPROCESSOR_DEFINITIONS = (
					"DEBUG=1",
					"$(inherited)",
				);
				GCC_WARN_64_TO_32_BIT_CONVERSION = YES;
				GCC_WARN_ABOUT_RETURN_TYPE = YES_ERROR;
				GCC_WARN_UNDECLARED_SELECTOR = YES;
				GCC_WARN_UNINITIALIZED_AUTOS = YES_AGGRESSIVE;
				GCC_WARN_UNUSED_FUNCTION = YES;
				GCC_WARN_UNUSED_VARIABLE = YES;
				IPHONEOS_DEPLOYMENT_TARGET = 15.5;
				MTL_ENABLE_DEBUG_INFO = INCLUDE_SOURCE;
				MTL_FAST_MATH = YES;
				ONLY_ACTIVE_ARCH = YES;
				SDKROOT = iphoneos;
				SWIFT_ACTIVE_COMPILATION_CONDITIONS = DEBUG;
				SWIFT_OPTIMIZATION_LEVEL = "-Onone";
			};
			name = Debug;
		};
		C0FDA6EB28FB79BF0043FC24 /* Release */ = {
			isa = XCBuildConfiguration;
			buildSettings = {
				ALWAYS_SEARCH_USER_PATHS = NO;
				CLANG_ANALYZER_NONNULL = YES;
				CLANG_ANALYZER_NUMBER_OBJECT_CONVERSION = YES_AGGRESSIVE;
				CLANG_CXX_LANGUAGE_STANDARD = "gnu++17";
				CLANG_ENABLE_MODULES = YES;
				CLANG_ENABLE_OBJC_ARC = YES;
				CLANG_ENABLE_OBJC_WEAK = YES;
				CLANG_WARN_BLOCK_CAPTURE_AUTORELEASING = YES;
				CLANG_WARN_BOOL_CONVERSION = YES;
				CLANG_WARN_COMMA = YES;
				CLANG_WARN_CONSTANT_CONVERSION = YES;
				CLANG_WARN_DEPRECATED_OBJC_IMPLEMENTATIONS = YES;
				CLANG_WARN_DIRECT_OBJC_ISA_USAGE = YES_ERROR;
				CLANG_WARN_DOCUMENTATION_COMMENTS = YES;
				CLANG_WARN_EMPTY_BODY = YES;
				CLANG_WARN_ENUM_CONVERSION = YES;
				CLANG_WARN_INFINITE_RECURSION = YES;
				CLANG_WARN_INT_CONVERSION = YES;
				CLANG_WARN_NON_LITERAL_NULL_CONVERSION = YES;
				CLANG_WARN_OBJC_IMPLICIT_RETAIN_SELF = YES;
				CLANG_WARN_OBJC_LITERAL_CONVERSION = YES;
				CLANG_WARN_OBJC_ROOT_CLASS = YES_ERROR;
				CLANG_WARN_QUOTED_INCLUDE_IN_FRAMEWORK_HEADER = YES;
				CLANG_WARN_RANGE_LOOP_ANALYSIS = YES;
				CLANG_WARN_STRICT_PROTOTYPES = YES;
				CLANG_WARN_SUSPICIOUS_MOVE = YES;
				CLANG_WARN_UNGUARDED_AVAILABILITY = YES_AGGRESSIVE;
				CLANG_WARN_UNREACHABLE_CODE = YES;
				CLANG_WARN__DUPLICATE_METHOD_MATCH = YES;
				COPY_PHASE_STRIP = NO;
				DEBUG_INFORMATION_FORMAT = "dwarf-with-dsym";
				ENABLE_NS_ASSERTIONS = NO;
				ENABLE_STRICT_OBJC_MSGSEND = YES;
				GCC_C_LANGUAGE_STANDARD = gnu11;
				GCC_NO_COMMON_BLOCKS = YES;
				GCC_WARN_64_TO_32_BIT_CONVERSION = YES;
				GCC_WARN_ABOUT_RETURN_TYPE = YES_ERROR;
				GCC_WARN_UNDECLARED_SELECTOR = YES;
				GCC_WARN_UNINITIALIZED_AUTOS = YES_AGGRESSIVE;
				GCC_WARN_UNUSED_FUNCTION = YES;
				GCC_WARN_UNUSED_VARIABLE = YES;
				IPHONEOS_DEPLOYMENT_TARGET = 15.5;
				MTL_ENABLE_DEBUG_INFO = NO;
				MTL_FAST_MATH = YES;
				SDKROOT = iphoneos;
				SWIFT_COMPILATION_MODE = wholemodule;
				SWIFT_OPTIMIZATION_LEVEL = "-O";
				VALIDATE_PRODUCT = YES;
			};
			name = Release;
		};
		C0FDA6ED28FB79BF0043FC24 /* Debug */ = {
			isa = XCBuildConfiguration;
			buildSettings = {
				ASSETCATALOG_COMPILER_APPICON_NAME = AppIcon;
				ASSETCATALOG_COMPILER_GLOBAL_ACCENT_COLOR_NAME = AccentColor;
				CODE_SIGN_STYLE = Automatic;
				CURRENT_PROJECT_VERSION = 1;
				DEVELOPMENT_ASSET_PATHS = "\"ToDo-List/Preview Content\"";
				ENABLE_PREVIEWS = YES;
				GENERATE_INFOPLIST_FILE = YES;
				INFOPLIST_KEY_UIApplicationSceneManifest_Generation = YES;
				INFOPLIST_KEY_UIApplicationSupportsIndirectInputEvents = YES;
				INFOPLIST_KEY_UILaunchScreen_Generation = YES;
				INFOPLIST_KEY_UISupportedInterfaceOrientations_iPad = "UIInterfaceOrientationPortrait UIInterfaceOrientationPortraitUpsideDown UIInterfaceOrientationLandscapeLeft UIInterfaceOrientationLandscapeRight";
				INFOPLIST_KEY_UISupportedInterfaceOrientations_iPhone = "UIInterfaceOrientationPortrait UIInterfaceOrientationLandscapeLeft UIInterfaceOrientationLandscapeRight";
				LD_RUNPATH_SEARCH_PATHS = (
					"$(inherited)",
					"@executable_path/Frameworks",
				);
				MARKETING_VERSION = 1.0;
				PRODUCT_BUNDLE_IDENTIFIER = "AnkithGanji.ToDo-List";
				PRODUCT_NAME = "$(TARGET_NAME)";
				SWIFT_EMIT_LOC_STRINGS = YES;
				SWIFT_VERSION = 5.0;
				TARGETED_DEVICE_FAMILY = "1,2";
			};
			name = Debug;
		};
		C0FDA6EE28FB79BF0043FC24 /* Release */ = {
			isa = XCBuildConfiguration;
			buildSettings = {
				ASSETCATALOG_COMPILER_APPICON_NAME = AppIcon;
				ASSETCATALOG_COMPILER_GLOBAL_ACCENT_COLOR_NAME = AccentColor;
				CODE_SIGN_STYLE = Automatic;
				CURRENT_PROJECT_VERSION = 1;
				DEVELOPMENT_ASSET_PATHS = "\"ToDo-List/Preview Content\"";
				ENABLE_PREVIEWS = YES;
				GENERATE_INFOPLIST_FILE = YES;
				INFOPLIST_KEY_UIApplicationSceneManifest_Generation = YES;
				INFOPLIST_KEY_UIApplicationSupportsIndirectInputEvents = YES;
				INFOPLIST_KEY_UILaunchScreen_Generation = YES;
				INFOPLIST_KEY_UISupportedInterfaceOrientations_iPad = "UIInterfaceOrientationPortrait UIInterfaceOrientationPortraitUpsideDown UIInterfaceOrientationLandscapeLeft UIInterfaceOrientationLandscapeRight";
				INFOPLIST_KEY_UISupportedInterfaceOrientations_iPhone = "UIInterfaceOrientationPortrait UIInterfaceOrientationLandscapeLeft UIInterfaceOrientationLandscapeRight";
				LD_RUNPATH_SEARCH_PATHS = (
					"$(inherited)",
					"@executable_path/Frameworks",
				);
				MARKETING_VERSION = 1.0;
				PRODUCT_BUNDLE_IDENTIFIER = "AnkithGanji.ToDo-List";
				PRODUCT_NAME = "$(TARGET_NAME)";
				SWIFT_EMIT_LOC_STRINGS = YES;
				SWIFT_VERSION = 5.0;
				TARGETED_DEVICE_FAMILY = "1,2";
			};
			name = Release;
		};
		C0FDA6F028FB79BF0043FC24 /* Debug */ = {
			isa = XCBuildConfiguration;
			buildSettings = {
				ALWAYS_EMBED_SWIFT_STANDARD_LIBRARIES = YES;
				BUNDLE_LOADER = "$(TEST_HOST)";
				CODE_SIGN_STYLE = Automatic;
				CURRENT_PROJECT_VERSION = 1;
				GENERATE_INFOPLIST_FILE = YES;
				IPHONEOS_DEPLOYMENT_TARGET = 15.5;
				MARKETING_VERSION = 1.0;
				PRODUCT_BUNDLE_IDENTIFIER = "AnkithGanji.ToDo-ListTests";
				PRODUCT_NAME = "$(TARGET_NAME)";
				SWIFT_EMIT_LOC_STRINGS = NO;
				SWIFT_VERSION = 5.0;
				TARGETED_DEVICE_FAMILY = "1,2";
				TEST_HOST = "$(BUILT_PRODUCTS_DIR)/ToDo-List.app/ToDo-List";
			};
			name = Debug;
		};
		C0FDA6F128FB79BF0043FC24 /* Release */ = {
			isa = XCBuildConfiguration;
			buildSettings = {
				ALWAYS_EMBED_SWIFT_STANDARD_LIBRARIES = YES;
				BUNDLE_LOADER = "$(TEST_HOST)";
				CODE_SIGN_STYLE = Automatic;
				CURRENT_PROJECT_VERSION = 1;
				GENERATE_INFOPLIST_FILE = YES;
				IPHONEOS_DEPLOYMENT_TARGET = 15.5;
				MARKETING_VERSION = 1.0;
				PRODUCT_BUNDLE_IDENTIFIER = "AnkithGanji.ToDo-ListTests";
				PRODUCT_NAME = "$(TARGET_NAME)";
				SWIFT_EMIT_LOC_STRINGS = NO;
				SWIFT_VERSION = 5.0;
				TARGETED_DEVICE_FAMILY = "1,2";
				TEST_HOST = "$(BUILT_PRODUCTS_DIR)/ToDo-List.app/ToDo-List";
			};
			name = Release;
		};
		C0FDA6F328FB79BF0043FC24 /* Debug */ = {
			isa = XCBuildConfiguration;
			buildSettings = {
				ALWAYS_EMBED_SWIFT_STANDARD_LIBRARIES = YES;
				CODE_SIGN_STYLE = Automatic;
				CURRENT_PROJECT_VERSION = 1;
				GENERATE_INFOPLIST_FILE = YES;
				MARKETING_VERSION = 1.0;
				PRODUCT_BUNDLE_IDENTIFIER = "AnkithGanji.ToDo-ListUITests";
				PRODUCT_NAME = "$(TARGET_NAME)";
				SWIFT_EMIT_LOC_STRINGS = NO;
				SWIFT_VERSION = 5.0;
				TARGETED_DEVICE_FAMILY = "1,2";
				TEST_TARGET_NAME = "ToDo-List";
			};
			name = Debug;
		};
		C0FDA6F428FB79BF0043FC24 /* Release */ = {
			isa = XCBuildConfiguration;
			buildSettings = {
				ALWAYS_EMBED_SWIFT_STANDARD_LIBRARIES = YES;
				CODE_SIGN_STYLE = Automatic;
				CURRENT_PROJECT_VERSION = 1;
				GENERATE_INFOPLIST_FILE = YES;
				MARKETING_VERSION = 1.0;
				PRODUCT_BUNDLE_IDENTIFIER = "AnkithGanji.ToDo-ListUITests";
				PRODUCT_NAME = "$(TARGET_NAME)";
				SWIFT_EMIT_LOC_STRINGS = NO;
				SWIFT_VERSION = 5.0;
				TARGETED_DEVICE_FAMILY = "1,2";
				TEST_TARGET_NAME = "ToDo-List";
			};
			name = Release;
		};
/* End XCBuildConfiguration section */

/* Begin XCConfigurationList section */
		C0FDA6C328FB79B80043FC24 /* Build configuration list for PBXProject "ToDo-List" */ = {
			isa = XCConfigurationList;
			buildConfigurations = (
				C0FDA6EA28FB79BF0043FC24 /* Debug */,
				C0FDA6EB28FB79BF0043FC24 /* Release */,
			);
			defaultConfigurationIsVisible = 0;
			defaultConfigurationName = Release;
		};
		C0FDA6EC28FB79BF0043FC24 /* Build configuration list for PBXNativeTarget "ToDo-List" */ = {
			isa = XCConfigurationList;
			buildConfigurations = (
				C0FDA6ED28FB79BF0043FC24 /* Debug */,
				C0FDA6EE28FB79BF0043FC24 /* Release */,
			);
			defaultConfigurationIsVisible = 0;
			defaultConfigurationName = Release;
		};
		C0FDA6EF28FB79BF0043FC24 /* Build configuration list for PBXNativeTarget "ToDo-ListTests" */ = {
			isa = XCConfigurationList;
			buildConfigurations = (
				C0FDA6F028FB79BF0043FC24 /* Debug */,
				C0FDA6F128FB79BF0043FC24 /* Release */,
			);
			defaultConfigurationIsVisible = 0;
			defaultConfigurationName = Release;
		};
		C0FDA6F228FB79BF0043FC24 /* Build configuration list for PBXNativeTarget "ToDo-ListUITests" */ = {
			isa = XCConfigurationList;
			buildConfigurations = (
				C0FDA6F328FB79BF0043FC24 /* Debug */,
				C0FDA6F428FB79BF0043FC24 /* Release */,
			);
			defaultConfigurationIsVisible = 0;
			defaultConfigurationName = Release;
		};
/* End XCConfigurationList section */

/* Begin XCRemoteSwiftPackageReference section */
		C051DD0628FC972800EBB3CD /* XCRemoteSwiftPackageReference "realm-cocoa" */ = {
			isa = XCRemoteSwiftPackageReference;
			repositoryURL = "https://github.com/realm/realm-cocoa";
			requirement = {
				kind = upToNextMajorVersion;
				minimumVersion = 10.10.0;
			};
		};
/* End XCRemoteSwiftPackageReference section */

/* Begin XCSwiftPackageProductDependency section */
		C051DD0728FC972800EBB3CD /* Realm */ = {
			isa = XCSwiftPackageProductDependency;
			package = C051DD0628FC972800EBB3CD /* XCRemoteSwiftPackageReference "realm-cocoa" */;
			productName = Realm;
		};
		C051DD0928FC972800EBB3CD /* RealmSwift */ = {
			isa = XCSwiftPackageProductDependency;
			package = C051DD0628FC972800EBB3CD /* XCRemoteSwiftPackageReference "realm-cocoa" */;
			productName = RealmSwift;
		};
/* End XCSwiftPackageProductDependency section */
	};
	rootObject = C0FDA6C028FB79B80043FC24 /* Project object */;
}
